
Microsoft Visual Studio Solution File, Format Version 12.00
# Visual Studio Version 16
VisualStudioVersion = 16.0.28803.202
MinimumVisualStudioVersion = 10.0.40219.1
Project("{FAE04EC0-301F-11D3-BF4B-00C04F79EFBC}") = "AudioShadowPlay", "AudioShadowPlay\AudioShadowPlay.csproj", "{35CE8D3D-751A-48DA-9E07-67D627E772D2}"
EndProject
Global
	GlobalSection(SolutionConfigurationPlatforms) = preSolution
		Debug|Any CPU = Debug|Any CPU
		Release|Any CPU = Release|Any CPU
	EndGlobalSection
	GlobalSection(ProjectConfigurationPlatforms) = postSolution
		{35CE8D3D-751A-48DA-9E07-67D627E772D2}.Debug|Any CPU.ActiveCfg = Debug|Any CPU
		{35CE8D3D-751A-48DA-9E07-67D627E772D2}.Debug|Any CPU.Build.0 = Debug|Any CPU
		{35CE8D3D-751A-48DA-9E07-67D627E772D2}.Release|Any CPU.ActiveCfg = Release|Any CPU
		{35CE8D3D-751A-48DA-9E07-67D627E772D2}.Release|Any CPU.Build.0 = Release|Any CPU
	EndGlobalSection
	GlobalSection(SolutionProperties) = preSolution
		HideSolutionNode = FALSE
	EndGlobalSection
	GlobalSection(ExtensibilityGlobals) = postSolution
		SolutionGuid = {7F833193-33AE-48A5-9F8E-8AE6022C6DF3}
	EndGlobalSection
EndGlobal
